// !$*UTF8*$!
{
	archiveVersion = 1;
	classes = {
	};
	objectVersion = 46;
	objects = {

/* Begin PBXBuildFile section */
		7522ABD71F5BD01300F03CEC /* AppCommon.swift in Sources */ = {isa = PBXBuildFile; fileRef = 7522ABD61F5BD01300F03CEC /* AppCommon.swift */; };
		7522ABDA1F5C25FE00F03CEC /* UIColorExtension.swift in Sources */ = {isa = PBXBuildFile; fileRef = 7522ABD91F5C25FE00F03CEC /* UIColorExtension.swift */; };
		7522ABDC1F5CDE1B00F03CEC /* CareConfigViewController.swift in Sources */ = {isa = PBXBuildFile; fileRef = 7522ABDB1F5CDE1B00F03CEC /* CareConfigViewController.swift */; };
		75597E211F5E4BBF00EF9A0E /* CareBasicViewModel.swift in Sources */ = {isa = PBXBuildFile; fileRef = 75597E201F5E4BBF00EF9A0E /* CareBasicViewModel.swift */; };
		75597E231F5E4C2200EF9A0E /* CareModelProtocol.swift in Sources */ = {isa = PBXBuildFile; fileRef = 75597E221F5E4C2200EF9A0E /* CareModelProtocol.swift */; };
		CD9861EEF985FB70EB1D027D /* Pods_Careless.framework in Frameworks */ = {isa = PBXBuildFile; fileRef = 4D6B8E45697ED609F32520A7 /* Pods_Careless.framework */; };
		D5EDB6981F57169500E08F4B /* AppDelegate.swift in Sources */ = {isa = PBXBuildFile; fileRef = D5EDB6971F57169500E08F4B /* AppDelegate.swift */; };
		D5EDB69A1F57169500E08F4B /* CareTabController.swift in Sources */ = {isa = PBXBuildFile; fileRef = D5EDB6991F57169500E08F4B /* CareTabController.swift */; };
		D5EDB69D1F57169500E08F4B /* Main.storyboard in Resources */ = {isa = PBXBuildFile; fileRef = D5EDB69B1F57169500E08F4B /* Main.storyboard */; };
		D5EDB69F1F57169500E08F4B /* Assets.xcassets in Resources */ = {isa = PBXBuildFile; fileRef = D5EDB69E1F57169500E08F4B /* Assets.xcassets */; };
		D5EDB6A21F57169500E08F4B /* LaunchScreen.storyboard in Resources */ = {isa = PBXBuildFile; fileRef = D5EDB6A01F57169500E08F4B /* LaunchScreen.storyboard */; };
		D5EDB6B21F59B55400E08F4B /* CareListViewController.swift in Sources */ = {isa = PBXBuildFile; fileRef = D5EDB6B11F59B55400E08F4B /* CareListViewController.swift */; };
		D5EDB6B91F5A22B400E08F4B /* CareBasicModel.swift in Sources */ = {isa = PBXBuildFile; fileRef = D5EDB6B81F5A22B400E08F4B /* CareBasicModel.swift */; };
/* End PBXBuildFile section */

/* Begin PBXFileReference section */
		4D6B8E45697ED609F32520A7 /* Pods_Careless.framework */ = {isa = PBXFileReference; explicitFileType = wrapper.framework; includeInIndex = 0; path = Pods_Careless.framework; sourceTree = BUILT_PRODUCTS_DIR; };
		5BBB76738DF834B56AA7F792 /* Pods-Careless.debug.xcconfig */ = {isa = PBXFileReference; includeInIndex = 1; lastKnownFileType = text.xcconfig; name = "Pods-Careless.debug.xcconfig"; path = "Pods/Target Support Files/Pods-Careless/Pods-Careless.debug.xcconfig"; sourceTree = "<group>"; };
		7522ABD01F5BBD3700F03CEC /* Careless-Bridging-Header.h */ = {isa = PBXFileReference; lastKnownFileType = sourcecode.c.h; path = "Careless-Bridging-Header.h"; sourceTree = "<group>"; };
		7522ABD61F5BD01300F03CEC /* AppCommon.swift */ = {isa = PBXFileReference; fileEncoding = 4; lastKnownFileType = sourcecode.swift; name = AppCommon.swift; path = Config/AppCommon.swift; sourceTree = "<group>"; };
		7522ABD91F5C25FE00F03CEC /* UIColorExtension.swift */ = {isa = PBXFileReference; fileEncoding = 4; lastKnownFileType = sourcecode.swift; name = UIColorExtension.swift; path = App/Extension/UIColorExtension.swift; sourceTree = "<group>"; };
		7522ABDB1F5CDE1B00F03CEC /* CareConfigViewController.swift */ = {isa = PBXFileReference; fileEncoding = 4; lastKnownFileType = sourcecode.swift; name = CareConfigViewController.swift; path = App/Controller/CareConfigViewController.swift; sourceTree = "<group>"; };
		75597E201F5E4BBF00EF9A0E /* CareBasicViewModel.swift */ = {isa = PBXFileReference; fileEncoding = 4; lastKnownFileType = sourcecode.swift; name = CareBasicViewModel.swift; path = App/ViewModel/CareBasicViewModel.swift; sourceTree = "<group>"; };
		75597E221F5E4C2200EF9A0E /* CareModelProtocol.swift */ = {isa = PBXFileReference; fileEncoding = 4; lastKnownFileType = sourcecode.swift; name = CareModelProtocol.swift; path = App/Model/CareModelProtocol.swift; sourceTree = "<group>"; };
		90BC486E25D0C38F7778EF0E /* Pods-Careless.release.xcconfig */ = {isa = PBXFileReference; includeInIndex = 1; lastKnownFileType = text.xcconfig; name = "Pods-Careless.release.xcconfig"; path = "Pods/Target Support Files/Pods-Careless/Pods-Careless.release.xcconfig"; sourceTree = "<group>"; };
		D5EDB6941F57169500E08F4B /* Careless.app */ = {isa = PBXFileReference; explicitFileType = wrapper.application; includeInIndex = 0; path = Careless.app; sourceTree = BUILT_PRODUCTS_DIR; };
		D5EDB6971F57169500E08F4B /* AppDelegate.swift */ = {isa = PBXFileReference; lastKnownFileType = sourcecode.swift; path = AppDelegate.swift; sourceTree = "<group>"; };
		D5EDB6991F57169500E08F4B /* CareTabController.swift */ = {isa = PBXFileReference; lastKnownFileType = sourcecode.swift; path = CareTabController.swift; sourceTree = "<group>"; };
		D5EDB69C1F57169500E08F4B /* Base */ = {isa = PBXFileReference; lastKnownFileType = file.storyboard; name = Base; path = Base.lproj/Main.storyboard; sourceTree = "<group>"; };
		D5EDB69E1F57169500E08F4B /* Assets.xcassets */ = {isa = PBXFileReference; lastKnownFileType = folder.assetcatalog; path = Assets.xcassets; sourceTree = "<group>"; };
		D5EDB6A11F57169500E08F4B /* Base */ = {isa = PBXFileReference; lastKnownFileType = file.storyboard; name = Base; path = Base.lproj/LaunchScreen.storyboard; sourceTree = "<group>"; };
		D5EDB6A31F57169500E08F4B /* Info.plist */ = {isa = PBXFileReference; lastKnownFileType = text.plist.xml; path = Info.plist; sourceTree = "<group>"; };
		D5EDB6B11F59B55400E08F4B /* CareListViewController.swift */ = {isa = PBXFileReference; fileEncoding = 4; lastKnownFileType = sourcecode.swift; name = CareListViewController.swift; path = App/Controller/CareListViewController.swift; sourceTree = "<group>"; };
		D5EDB6B81F5A22B400E08F4B /* CareBasicModel.swift */ = {isa = PBXFileReference; fileEncoding = 4; lastKnownFileType = sourcecode.swift; name = CareBasicModel.swift; path = App/Model/CareBasicModel.swift; sourceTree = "<group>"; };
/* End PBXFileReference section */

/* Begin PBXFrameworksBuildPhase section */
		D5EDB6911F57169500E08F4B /* Frameworks */ = {
			isa = PBXFrameworksBuildPhase;
			buildActionMask = 2147483647;
			files = (
				CD9861EEF985FB70EB1D027D /* Pods_Careless.framework in Frameworks */,
			);
			runOnlyForDeploymentPostprocessing = 0;
		};
/* End PBXFrameworksBuildPhase section */

/* Begin PBXGroup section */
		0301C3104318819B46A7DB3F /* Pods */ = {
			isa = PBXGroup;
			children = (
				5BBB76738DF834B56AA7F792 /* Pods-Careless.debug.xcconfig */,
				90BC486E25D0C38F7778EF0E /* Pods-Careless.release.xcconfig */,
			);
			name = Pods;
			sourceTree = "<group>";
		};
		205B73F700716976C389D555 /* Frameworks */ = {
			isa = PBXGroup;
			children = (
				4D6B8E45697ED609F32520A7 /* Pods_Careless.framework */,
			);
			name = Frameworks;
			sourceTree = "<group>";
		};
		7522ABD81F5C25E100F03CEC /* Extension */ = {
			isa = PBXGroup;
			children = (
				7522ABD91F5C25FE00F03CEC /* UIColorExtension.swift */,
			);
			name = Extension;
			sourceTree = "<group>";
		};
		D5EDB68B1F57169500E08F4B = {
			isa = PBXGroup;
			children = (
				D5EDB6961F57169500E08F4B /* Careless */,
				D5EDB6951F57169500E08F4B /* Products */,
				0301C3104318819B46A7DB3F /* Pods */,
				205B73F700716976C389D555 /* Frameworks */,
			);
			sourceTree = "<group>";
		};
		D5EDB6951F57169500E08F4B /* Products */ = {
			isa = PBXGroup;
			children = (
				D5EDB6941F57169500E08F4B /* Careless.app */,
			);
			name = Products;
			sourceTree = "<group>";
		};
		D5EDB6961F57169500E08F4B /* Careless */ = {
			isa = PBXGroup;
			children = (
				D5EDB6A91F585B8800E08F4B /* App */,
				D5EDB6AA1F585BB300E08F4B /* Config */,
			);
			path = Careless;
			sourceTree = "<group>";
		};
		D5EDB6A91F585B8800E08F4B /* App */ = {
			isa = PBXGroup;
			children = (
				7522ABD81F5C25E100F03CEC /* Extension */,
				D5EDB6B01F59B4D000E08F4B /* Service */,
				D5EDB6AF1F59B4B300E08F4B /* Support */,
				D5EDB6AC1F59B3F800E08F4B /* View */,
				D5EDB6AB1F585BD700E08F4B /* Model */,
				D5EDB6AE1F59B40300E08F4B /* ViewModel */,
				D5EDB6AD1F59B3FD00E08F4B /* Controller */,
			);
			name = App;
			sourceTree = "<group>";
		};
		D5EDB6AA1F585BB300E08F4B /* Config */ = {
			isa = PBXGroup;
			children = (
				7522ABD01F5BBD3700F03CEC /* Careless-Bridging-Header.h */,
				D5EDB6971F57169500E08F4B /* AppDelegate.swift */,
				7522ABD61F5BD01300F03CEC /* AppCommon.swift */,
				D5EDB69E1F57169500E08F4B /* Assets.xcassets */,
				D5EDB6A31F57169500E08F4B /* Info.plist */,
			);
			name = Config;
			sourceTree = "<group>";
		};
		D5EDB6AB1F585BD700E08F4B /* Model */ = {
			isa = PBXGroup;
			children = (
				75597E221F5E4C2200EF9A0E /* CareModelProtocol.swift */,
				D5EDB6B81F5A22B400E08F4B /* CareBasicModel.swift */,
			);
			name = Model;
			sourceTree = "<group>";
		};
		D5EDB6AC1F59B3F800E08F4B /* View */ = {
			isa = PBXGroup;
			children = (
				D5EDB6A01F57169500E08F4B /* LaunchScreen.storyboard */,
				D5EDB69B1F57169500E08F4B /* Main.storyboard */,
			);
			name = View;
			sourceTree = "<group>";
		};
		D5EDB6AD1F59B3FD00E08F4B /* Controller */ = {
			isa = PBXGroup;
			children = (
				D5EDB6991F57169500E08F4B /* CareTabController.swift */,
				D5EDB6B11F59B55400E08F4B /* CareListViewController.swift */,
				7522ABDB1F5CDE1B00F03CEC /* CareConfigViewController.swift */,
			);
			name = Controller;
			sourceTree = "<group>";
		};
		D5EDB6AE1F59B40300E08F4B /* ViewModel */ = {
			isa = PBXGroup;
			children = (
				75597E201F5E4BBF00EF9A0E /* CareBasicViewModel.swift */,
			);
			name = ViewModel;
			sourceTree = "<group>";
		};
		D5EDB6AF1F59B4B300E08F4B /* Support */ = {
			isa = PBXGroup;
			children = (
			);
			name = Support;
			sourceTree = "<group>";
		};
		D5EDB6B01F59B4D000E08F4B /* Service */ = {
			isa = PBXGroup;
			children = (
			);
			name = Service;
			sourceTree = "<group>";
		};
/* End PBXGroup section */

/* Begin PBXNativeTarget section */
		D5EDB6931F57169500E08F4B /* Careless */ = {
			isa = PBXNativeTarget;
			buildConfigurationList = D5EDB6A61F57169500E08F4B /* Build configuration list for PBXNativeTarget "Careless" */;
			buildPhases = (
				89E9984E6CF10903FF1F768A /* [CP] Check Pods Manifest.lock */,
				D5EDB6901F57169500E08F4B /* Sources */,
				D5EDB6911F57169500E08F4B /* Frameworks */,
				D5EDB6921F57169500E08F4B /* Resources */,
				DF4746010383B01C7C68F621 /* [CP] Embed Pods Frameworks */,
				8D431330ABBE38AD96756BFF /* [CP] Copy Pods Resources */,
			);
			buildRules = (
			);
			dependencies = (
			);
			name = Careless;
			productName = Careless;
			productReference = D5EDB6941F57169500E08F4B /* Careless.app */;
			productType = "com.apple.product-type.application";
		};
/* End PBXNativeTarget section */

/* Begin PBXProject section */
		D5EDB68C1F57169500E08F4B /* Project object */ = {
			isa = PBXProject;
			attributes = {
				LastSwiftUpdateCheck = 0830;
				LastUpgradeCheck = 0830;
				ORGANIZATIONNAME = Desgard_Duan;
				TargetAttributes = {
					D5EDB6931F57169500E08F4B = {
						CreatedOnToolsVersion = 8.3.3;
						DevelopmentTeam = DNL5G5M9A8;
						LastSwiftMigration = 0830;
						ProvisioningStyle = Automatic;
					};
				};
			};
			buildConfigurationList = D5EDB68F1F57169500E08F4B /* Build configuration list for PBXProject "Careless" */;
			compatibilityVersion = "Xcode 3.2";
			developmentRegion = English;
			hasScannedForEncodings = 0;
			knownRegions = (
				en,
				Base,
			);
			mainGroup = D5EDB68B1F57169500E08F4B;
			productRefGroup = D5EDB6951F57169500E08F4B /* Products */;
			projectDirPath = "";
			projectRoot = "";
			targets = (
				D5EDB6931F57169500E08F4B /* Careless */,
			);
		};
/* End PBXProject section */

/* Begin PBXResourcesBuildPhase section */
		D5EDB6921F57169500E08F4B /* Resources */ = {
			isa = PBXResourcesBuildPhase;
			buildActionMask = 2147483647;
			files = (
				D5EDB6A21F57169500E08F4B /* LaunchScreen.storyboard in Resources */,
				D5EDB69F1F57169500E08F4B /* Assets.xcassets in Resources */,
				D5EDB69D1F57169500E08F4B /* Main.storyboard in Resources */,
			);
			runOnlyForDeploymentPostprocessing = 0;
		};
/* End PBXResourcesBuildPhase section */

/* Begin PBXShellScriptBuildPhase section */
		89E9984E6CF10903FF1F768A /* [CP] Check Pods Manifest.lock */ = {
			isa = PBXShellScriptBuildPhase;
			buildActionMask = 2147483647;
			files = (
			);
			inputPaths = (
			);
			name = "[CP] Check Pods Manifest.lock";
			outputPaths = (
			);
			runOnlyForDeploymentPostprocessing = 0;
			shellPath = /bin/sh;
			shellScript = "diff \"${PODS_PODFILE_DIR_PATH}/Podfile.lock\" \"${PODS_ROOT}/Manifest.lock\" > /dev/null\nif [ $? != 0 ] ; then\n    # print error to STDERR\n    echo \"error: The sandbox is not in sync with the Podfile.lock. Run 'pod install' or update your CocoaPods installation.\" >&2\n    exit 1\nfi\n";
			showEnvVarsInLog = 0;
		};
		8D431330ABBE38AD96756BFF /* [CP] Copy Pods Resources */ = {
			isa = PBXShellScriptBuildPhase;
			buildActionMask = 2147483647;
			files = (
			);
			inputPaths = (
			);
			name = "[CP] Copy Pods Resources";
			outputPaths = (
			);
			runOnlyForDeploymentPostprocessing = 0;
			shellPath = /bin/sh;
			shellScript = "\"${SRCROOT}/Pods/Target Support Files/Pods-Careless/Pods-Careless-resources.sh\"\n";
			showEnvVarsInLog = 0;
		};
		DF4746010383B01C7C68F621 /* [CP] Embed Pods Frameworks */ = {
			isa = PBXShellScriptBuildPhase;
			buildActionMask = 2147483647;
			files = (
			);
			inputPaths = (
			);
			name = "[CP] Embed Pods Frameworks";
			outputPaths = (
			);
			runOnlyForDeploymentPostprocessing = 0;
			shellPath = /bin/sh;
			shellScript = "\"${SRCROOT}/Pods/Target Support Files/Pods-Careless/Pods-Careless-frameworks.sh\"\n";
			showEnvVarsInLog = 0;
		};
/* End PBXShellScriptBuildPhase section */

/* Begin PBXSourcesBuildPhase section */
		D5EDB6901F57169500E08F4B /* Sources */ = {
			isa = PBXSourcesBuildPhase;
			buildActionMask = 2147483647;
			files = (
				7522ABD71F5BD01300F03CEC /* AppCommon.swift in Sources */,
				7522ABDC1F5CDE1B00F03CEC /* CareConfigViewController.swift in Sources */,
				7522ABDA1F5C25FE00F03CEC /* UIColorExtension.swift in Sources */,
				D5EDB69A1F57169500E08F4B /* CareTabController.swift in Sources */,
				75597E211F5E4BBF00EF9A0E /* CareBasicViewModel.swift in Sources */,
				75597E231F5E4C2200EF9A0E /* CareModelProtocol.swift in Sources */,
				D5EDB6981F57169500E08F4B /* AppDelegate.swift in Sources */,
				D5EDB6B91F5A22B400E08F4B /* CareBasicModel.swift in Sources */,
				D5EDB6B21F59B55400E08F4B /* CareListViewController.swift in Sources */,
			);
			runOnlyForDeploymentPostprocessing = 0;
		};
/* End PBXSourcesBuildPhase section */

/* Begin PBXVariantGroup section */
		D5EDB69B1F57169500E08F4B /* Main.storyboard */ = {
			isa = PBXVariantGroup;
			children = (
				D5EDB69C1F57169500E08F4B /* Base */,
			);
			name = Main.storyboard;
			sourceTree = "<group>";
		};
		D5EDB6A01F57169500E08F4B /* LaunchScreen.storyboard */ = {
			isa = PBXVariantGroup;
			children = (
				D5EDB6A11F57169500E08F4B /* Base */,
			);
			name = LaunchScreen.storyboard;
			sourceTree = "<group>";
		};
/* End PBXVariantGroup section */

/* Begin XCBuildConfiguration section */
		D5EDB6A41F57169500E08F4B /* Debug */ = {
			isa = XCBuildConfiguration;
			buildSettings = {
				ALWAYS_SEARCH_USER_PATHS = NO;
				CLANG_ANALYZER_NONNULL = YES;
				CLANG_ANALYZER_NUMBER_OBJECT_CONVERSION = YES_AGGRESSIVE;
				CLANG_CXX_LANGUAGE_STANDARD = "gnu++0x";
				CLANG_CXX_LIBRARY = "libc++";
				CLANG_ENABLE_MODULES = YES;
				CLANG_ENABLE_OBJC_ARC = YES;
				CLANG_WARN_BOOL_CONVERSION = YES;
				CLANG_WARN_CONSTANT_CONVERSION = YES;
				CLANG_WARN_DIRECT_OBJC_ISA_USAGE = YES_ERROR;
				CLANG_WARN_DOCUMENTATION_COMMENTS = YES;
				CLANG_WARN_EMPTY_BODY = YES;
				CLANG_WARN_ENUM_CONVERSION = YES;
				CLANG_WARN_INFINITE_RECURSION = YES;
				CLANG_WARN_INT_CONVERSION = YES;
				CLANG_WARN_OBJC_ROOT_CLASS = YES_ERROR;
				CLANG_WARN_SUSPICIOUS_MOVE = YES;
				CLANG_WARN_UNREACHABLE_CODE = YES;
				CLANG_WARN__DUPLICATE_METHOD_MATCH = YES;
				"CODE_SIGN_IDENTITY[sdk=iphoneos*]" = "iPhone Developer";
				COPY_PHASE_STRIP = NO;
				DEBUG_INFORMATION_FORMAT = dwarf;
				ENABLE_STRICT_OBJC_MSGSEND = YES;
				ENABLE_TESTABILITY = YES;
				GCC_C_LANGUAGE_STANDARD = gnu99;
				GCC_DYNAMIC_NO_PIC = NO;
				GCC_NO_COMMON_BLOCKS = YES;
				GCC_OPTIMIZATION_LEVEL = 0;
				GCC_PREPROCESSOR_DEFINITIONS = (
					"DEBUG=1",
					"$(inherited)",
				);
				GCC_WARN_64_TO_32_BIT_CONVERSION = YES;
				GCC_WARN_ABOUT_RETURN_TYPE = YES_ERROR;
				GCC_WARN_UNDECLARED_SELECTOR = YES;
				GCC_WARN_UNINITIALIZED_AUTOS = YES_AGGRESSIVE;
				GCC_WARN_UNUSED_FUNCTION = YES;
				GCC_WARN_UNUSED_VARIABLE = YES;
				IPHONEOS_DEPLOYMENT_TARGET = 10.3;
				MTL_ENABLE_DEBUG_INFO = YES;
				ONLY_ACTIVE_ARCH = YES;
				SDKROOT = iphoneos;
				SWIFT_ACTIVE_COMPILATION_CONDITIONS = DEBUG;
				SWIFT_OPTIMIZATION_LEVEL = "-Onone";
			};
			name = Debug;
		};
		D5EDB6A51F57169500E08F4B /* Release */ = {
			isa = XCBuildConfiguration;
			buildSettings = {
				ALWAYS_SEARCH_USER_PATHS = NO;
				CLANG_ANALYZER_NONNULL = YES;
				CLANG_ANALYZER_NUMBER_OBJECT_CONVERSION = YES_AGGRESSIVE;
				CLANG_CXX_LANGUAGE_STANDARD = "gnu++0x";
				CLANG_CXX_LIBRARY = "libc++";
				CLANG_ENABLE_MODULES = YES;
				CLANG_ENABLE_OBJC_ARC = YES;
				CLANG_WARN_BOOL_CONVERSION = YES;
				CLANG_WARN_CONSTANT_CONVERSION = YES;
				CLANG_WARN_DIRECT_OBJC_ISA_USAGE = YES_ERROR;
				CLANG_WARN_DOCUMENTATION_COMMENTS = YES;
				CLANG_WARN_EMPTY_BODY = YES;
				CLANG_WARN_ENUM_CONVERSION = YES;
				CLANG_WARN_INFINITE_RECURSION = YES;
				CLANG_WARN_INT_CONVERSION = YES;
				CLANG_WARN_OBJC_ROOT_CLASS = YES_ERROR;
				CLANG_WARN_SUSPICIOUS_MOVE = YES;
				CLANG_WARN_UNREACHABLE_CODE = YES;
				CLANG_WARN__DUPLICATE_METHOD_MATCH = YES;
				"CODE_SIGN_IDENTITY[sdk=iphoneos*]" = "iPhone Developer";
				COPY_PHASE_STRIP = NO;
				DEBUG_INFORMATION_FORMAT = "dwarf-with-dsym";
				ENABLE_NS_ASSERTIONS = NO;
				ENABLE_STRICT_OBJC_MSGSEND = YES;
				GCC_C_LANGUAGE_STANDARD = gnu99;
				GCC_NO_COMMON_BLOCKS = YES;
				GCC_WARN_64_TO_32_BIT_CONVERSION = YES;
				GCC_WARN_ABOUT_RETURN_TYPE = YES_ERROR;
				GCC_WARN_UNDECLARED_SELECTOR = YES;
				GCC_WARN_UNINITIALIZED_AUTOS = YES_AGGRESSIVE;
				GCC_WARN_UNUSED_FUNCTION = YES;
				GCC_WARN_UNUSED_VARIABLE = YES;
				IPHONEOS_DEPLOYMENT_TARGET = 10.3;
				MTL_ENABLE_DEBUG_INFO = NO;
				SDKROOT = iphoneos;
				SWIFT_OPTIMIZATION_LEVEL = "-Owholemodule";
				VALIDATE_PRODUCT = YES;
			};
			name = Release;
		};
		D5EDB6A71F57169500E08F4B /* Debug */ = {
			isa = XCBuildConfiguration;
			baseConfigurationReference = 5BBB76738DF834B56AA7F792 /* Pods-Careless.debug.xcconfig */;
			buildSettings = {
				ASSETCATALOG_COMPILER_APPICON_NAME = AppIcon;
				CLANG_ENABLE_MODULES = YES;
				DEVELOPMENT_TEAM = DNL5G5M9A8;
				INFOPLIST_FILE = Careless/Info.plist;
				IPHONEOS_DEPLOYMENT_TARGET = 9.0;
				LD_RUNPATH_SEARCH_PATHS = "$(inherited) @executable_path/Frameworks";
				PRODUCT_BUNDLE_IDENTIFIER = farm.gua.Careless;
				PRODUCT_NAME = "$(TARGET_NAME)";
				SWIFT_OBJC_BRIDGING_HEADER = "Careless/Careless-Bridging-Header.h";
				SWIFT_OPTIMIZATION_LEVEL = "-Onone";
				SWIFT_VERSION = 3.0;
			};
			name = Debug;
		};
		D5EDB6A81F57169500E08F4B /* Release */ = {
			isa = XCBuildConfiguration;
			baseConfigurationReference = 90BC486E25D0C38F7778EF0E /* Pods-Careless.release.xcconfig */;
			buildSettings = {
				ASSETCATALOG_COMPILER_APPICON_NAME = AppIcon;
				CLANG_ENABLE_MODULES = YES;
				DEVELOPMENT_TEAM = DNL5G5M9A8;
				INFOPLIST_FILE = Careless/Info.plist;
				IPHONEOS_DEPLOYMENT_TARGET = 9.0;
				LD_RUNPATH_SEARCH_PATHS = "$(inherited) @executable_path/Frameworks";
				PRODUCT_BUNDLE_IDENTIFIER = farm.gua.Careless;
				PRODUCT_NAME = "$(TARGET_NAME)";
				SWIFT_OBJC_BRIDGING_HEADER = "Careless/Careless-Bridging-Header.h";
				SWIFT_VERSION = 3.0;
			};
			name = Release;
		};
/* End XCBuildConfiguration section */

/* Begin XCConfigurationList section */
		D5EDB68F1F57169500E08F4B /* Build configuration list for PBXProject "Careless" */ = {
			isa = XCConfigurationList;
			buildConfigurations = (
				D5EDB6A41F57169500E08F4B /* Debug */,
				D5EDB6A51F57169500E08F4B /* Release */,
			);
			defaultConfigurationIsVisible = 0;
			defaultConfigurationName = Release;
		};
		D5EDB6A61F57169500E08F4B /* Build configuration list for PBXNativeTarget "Careless" */ = {
			isa = XCConfigurationList;
			buildConfigurations = (
				D5EDB6A71F57169500E08F4B /* Debug */,
				D5EDB6A81F57169500E08F4B /* Release */,
			);
			defaultConfigurationIsVisible = 0;
			defaultConfigurationName = Release;
		};
/* End XCConfigurationList section */
	};
	rootObject = D5EDB68C1F57169500E08F4B /* Project object */;
}
